github.com/dhirajkashyap/Dog v0.0.0-20230921152450-10d127b69f64 h1:IPT3LXTGNycu4AXviMHG/kFeYR5gTirxVKfAjfSaybw=
github.com/dhirajkashyap/Dog v0.0.0-20230921152450-10d127b69f64/go.mod h1:MwH5Gl2Tv7vFVc7Who+Ewo06j+qC5gA1ApfBW4boraQ=
github.com/dhirajkashyap/Dog v0.0.0-20230926152752-8484abf3678c h1:NogXk3sktZIF42DkC+f5l4c4O2DElIQlDMDkUq2FvAY=
github.com/dhirajkashyap/Dog v0.0.0-20230926152752-8484abf3678c/go.mod h1:MwH5Gl2Tv7vFVc7Who+Ewo06j+qC5gA1ApfBW4boraQ=
github.com/dhirajkashyap/Dog v0.0.0-20230927151248-260cc8979297 h1:CX/bwAVfs+ynQLtq2RIH0E7kdEZ1jZ7xV04z/PEpvzo=
github.com/dhirajkashyap/Dog v0.0.0-20230927151248-260cc8979297/go.mod h1:MwH5Gl2Tv7vFVc7Who+Ewo06j+qC5gA1ApfBW4boraQ=
github.com/dhirajkashyap/Dog v0.0.0-20230927151651-66d984cb3eab h1:cDAB6u7dyjyA8l/NTcnZSX+/FUSt1btU9ge/Rlj3od4=
github.com/dhirajkashyap/Dog v0.0.0-20230927151651-66d984cb3eab/go.mod h1:MwH5Gl2Tv7vFVc7Who+Ewo06j+qC5gA1ApfBW4boraQ=
github.com/dhirajkashyap/Dog v0.0.0-20230927152646-81552ace0ab2 h1:LNlbNSYScc1eDLs7VEeTkfvJH5y88LcBmiBKv/7UTck=
github.com/dhirajkashyap/Dog v0.0.0-20230927152646-81552ace0ab2/go.mod h1:MwH5Gl2Tv7vFVc7Who+Ewo06j+qC5gA1ApfBW4boraQ=
